
Microsoft Visual Studio Solution File, Format Version 12.00
# Visual Studio 15
VisualStudioVersion = 15.0.27703.2047
MinimumVisualStudioVersion = 10.0.40219.1
Project("{FAE04EC0-301F-11D3-BF4B-00C04F79EFBC}") = "Exo-lsit", "Exo-lsit\Exo-lsit.csproj", "{9EF82661-83A1-4642-ABEE-3AF2D3671075}"
EndProject
Global
	GlobalSection(SolutionConfigurationPlatforms) = preSolution
		Debug|Any CPU = Debug|Any CPU
		Release|Any CPU = Release|Any CPU
	EndGlobalSection
	GlobalSection(ProjectConfigurationPlatforms) = postSolution
		{9EF82661-83A1-4642-ABEE-3AF2D3671075}.Debug|Any CPU.ActiveCfg = Debug|Any CPU
		{9EF82661-83A1-4642-ABEE-3AF2D3671075}.Debug|Any CPU.Build.0 = Debug|Any CPU
		{9EF82661-83A1-4642-ABEE-3AF2D3671075}.Release|Any CPU.ActiveCfg = Release|Any CPU
		{9EF82661-83A1-4642-ABEE-3AF2D3671075}.Release|Any CPU.Build.0 = Release|Any CPU
	EndGlobalSection
	GlobalSection(SolutionProperties) = preSolution
		HideSolutionNode = FALSE
	EndGlobalSection
	GlobalSection(ExtensibilityGlobals) = postSolution
		SolutionGuid = {6E862090-F4F3-4D4C-9FE4-AA8CD3480B02}
	EndGlobalSection
EndGlobal
