
Microsoft Visual Studio Solution File, Format Version 12.00
# Visual Studio 15
VisualStudioVersion = 15.0.27703.2047
MinimumVisualStudioVersion = 10.0.40219.1
Project("{FAE04EC0-301F-11D3-BF4B-00C04F79EFBC}") = "Gestion Exeption", "Gestion Exeption\Gestion Exeption.csproj", "{DAF9A1D6-EAB0-4033-BB58-19862ABEF796}"
EndProject
Global
	GlobalSection(SolutionConfigurationPlatforms) = preSolution
		Debug|Any CPU = Debug|Any CPU
		Release|Any CPU = Release|Any CPU
	EndGlobalSection
	GlobalSection(ProjectConfigurationPlatforms) = postSolution
		{DAF9A1D6-EAB0-4033-BB58-19862ABEF796}.Debug|Any CPU.ActiveCfg = Debug|Any CPU
		{DAF9A1D6-EAB0-4033-BB58-19862ABEF796}.Debug|Any CPU.Build.0 = Debug|Any CPU
		{DAF9A1D6-EAB0-4033-BB58-19862ABEF796}.Release|Any CPU.ActiveCfg = Release|Any CPU
		{DAF9A1D6-EAB0-4033-BB58-19862ABEF796}.Release|Any CPU.Build.0 = Release|Any CPU
	EndGlobalSection
	GlobalSection(SolutionProperties) = preSolution
		HideSolutionNode = FALSE
	EndGlobalSection
	GlobalSection(ExtensibilityGlobals) = postSolution
		SolutionGuid = {33A12D2D-3FBC-44A1-B625-6F368821F3BE}
	EndGlobalSection
EndGlobal
